<Solution>
  <Configurations>
    <Platform Name="Any CPU" />
    <Platform Name="x64" />
    <Platform Name="x86" />
  </Configurations>
  <Project Path="WorkflowDesigner.Api/WorkflowDesigner.Api.csproj" />
  <Project Path="WorkflowDesigner.AppHost/WorkflowDesigner.AppHost.csproj" />
  <Project Path="WorkflowDesigner.ServiceDefaults/WorkflowDesigner.ServiceDefaults.csproj" />
</Solution>
